// !$*UTF8*$!
{
	archiveVersion = 1;
	classes = {
	};
	objectVersion = 56;
	objects = {

/* Begin PBXBuildFile section */
		4FCEA5C62C0A861100BF3189 /* fetch_iosApp.swift in Sources */ = {isa = PBXBuildFile; fileRef = 4FCEA5C52C0A861100BF3189 /* fetch_iosApp.swift */; };
		4FCEA5C82C0A861100BF3189 /* ContentView.swift in Sources */ = {isa = PBXBuildFile; fileRef = 4FCEA5C72C0A861100BF3189 /* ContentView.swift */; };
		4FCEA5CA2C0A861300BF3189 /* Assets.xcassets in Resources */ = {isa = PBXBuildFile; fileRef = 4FCEA5C92C0A861300BF3189 /* Assets.xcassets */; };
		4FCEA5CD2C0A861300BF3189 /* Preview Assets.xcassets in Resources */ = {isa = PBXBuildFile; fileRef = 4FCEA5CC2C0A861300BF3189 /* Preview Assets.xcassets */; };
		4FCEA5D72C0A861300BF3189 /* fetch_iosTests.swift in Sources */ = {isa = PBXBuildFile; fileRef = 4FCEA5D62C0A861300BF3189 /* fetch_iosTests.swift */; };
		4FCEA5E12C0A861300BF3189 /* fetch_iosUITests.swift in Sources */ = {isa = PBXBuildFile; fileRef = 4FCEA5E02C0A861300BF3189 /* fetch_iosUITests.swift */; };
		4FCEA5E32C0A861300BF3189 /* fetch_iosUITestsLaunchTests.swift in Sources */ = {isa = PBXBuildFile; fileRef = 4FCEA5E22C0A861300BF3189 /* fetch_iosUITestsLaunchTests.swift */; };
		4FCEA5F02C0A879F00BF3189 /* RecipeService.swift in Sources */ = {isa = PBXBuildFile; fileRef = 4FCEA5EF2C0A879E00BF3189 /* RecipeService.swift */; };
/* End PBXBuildFile section */

/* Begin PBXContainerItemProxy section */
		4FCEA5D32C0A861300BF3189 /* PBXContainerItemProxy */ = {
			isa = PBXContainerItemProxy;
			containerPortal = 4FCEA5BA2C0A861100BF3189 /* Project object */;
			proxyType = 1;
			remoteGlobalIDString = 4FCEA5C12C0A861100BF3189;
			remoteInfo = fetch_ios;
		};
		4FCEA5DD2C0A861300BF3189 /* PBXContainerItemProxy */ = {
			isa = PBXContainerItemProxy;
			containerPortal = 4FCEA5BA2C0A861100BF3189 /* Project object */;
			proxyType = 1;
			remoteGlobalIDString = 4FCEA5C12C0A861100BF3189;
			remoteInfo = fetch_ios;
		};
/* End PBXContainerItemProxy section */

/* Begin PBXFileReference section */
		4FCEA5C22C0A861100BF3189 /* fetch_ios.app */ = {isa = PBXFileReference; explicitFileType = wrapper.application; includeInIndex = 0; path = fetch_ios.app; sourceTree = BUILT_PRODUCTS_DIR; };
		4FCEA5C52C0A861100BF3189 /* fetch_iosApp.swift */ = {isa = PBXFileReference; lastKnownFileType = sourcecode.swift; path = fetch_iosApp.swift; sourceTree = "<group>"; };
		4FCEA5C72C0A861100BF3189 /* ContentView.swift */ = {isa = PBXFileReference; lastKnownFileType = sourcecode.swift; path = ContentView.swift; sourceTree = "<group>"; };
		4FCEA5C92C0A861300BF3189 /* Assets.xcassets */ = {isa = PBXFileReference; lastKnownFileType = folder.assetcatalog; path = Assets.xcassets; sourceTree = "<group>"; };
		4FCEA5CC2C0A861300BF3189 /* Preview Assets.xcassets */ = {isa = PBXFileReference; lastKnownFileType = folder.assetcatalog; path = "Preview Assets.xcassets"; sourceTree = "<group>"; };
		4FCEA5D22C0A861300BF3189 /* fetch_iosTests.xctest */ = {isa = PBXFileReference; explicitFileType = wrapper.cfbundle; includeInIndex = 0; path = fetch_iosTests.xctest; sourceTree = BUILT_PRODUCTS_DIR; };
		4FCEA5D62C0A861300BF3189 /* fetch_iosTests.swift */ = {isa = PBXFileReference; lastKnownFileType = sourcecode.swift; path = fetch_iosTests.swift; sourceTree = "<group>"; };
		4FCEA5DC2C0A861300BF3189 /* fetch_iosUITests.xctest */ = {isa = PBXFileReference; explicitFileType = wrapper.cfbundle; includeInIndex = 0; path = fetch_iosUITests.xctest; sourceTree = BUILT_PRODUCTS_DIR; };
		4FCEA5E02C0A861300BF3189 /* fetch_iosUITests.swift */ = {isa = PBXFileReference; lastKnownFileType = sourcecode.swift; path = fetch_iosUITests.swift; sourceTree = "<group>"; };
		4FCEA5E22C0A861300BF3189 /* fetch_iosUITestsLaunchTests.swift */ = {isa = PBXFileReference; lastKnownFileType = sourcecode.swift; path = fetch_iosUITestsLaunchTests.swift; sourceTree = "<group>"; };
		4FCEA5EF2C0A879E00BF3189 /* RecipeService.swift */ = {isa = PBXFileReference; lastKnownFileType = sourcecode.swift; path = RecipeService.swift; sourceTree = "<group>"; };
/* End PBXFileReference section */

/* Begin PBXFrameworksBuildPhase section */
		4FCEA5BF2C0A861100BF3189 /* Frameworks */ = {
			isa = PBXFrameworksBuildPhase;
			buildActionMask = 2147483647;
			files = (
			);
			runOnlyForDeploymentPostprocessing = 0;
		};
		4FCEA5CF2C0A861300BF3189 /* Frameworks */ = {
			isa = PBXFrameworksBuildPhase;
			buildActionMask = 2147483647;
			files = (
			);
			runOnlyForDeploymentPostprocessing = 0;
		};
		4FCEA5D92C0A861300BF3189 /* Frameworks */ = {
			isa = PBXFrameworksBuildPhase;
			buildActionMask = 2147483647;
			files = (
			);
			runOnlyForDeploymentPostprocessing = 0;
		};
/* End PBXFrameworksBuildPhase section */

/* Begin PBXGroup section */
		4FCEA5B92C0A861100BF3189 = {
			isa = PBXGroup;
			children = (
				4FCEA5C42C0A861100BF3189 /* fetch_ios */,
				4FCEA5D52C0A861300BF3189 /* fetch_iosTests */,
				4FCEA5DF2C0A861300BF3189 /* fetch_iosUITests */,
				4FCEA5C32C0A861100BF3189 /* Products */,
			);
			sourceTree = "<group>";
		};
		4FCEA5C32C0A861100BF3189 /* Products */ = {
			isa = PBXGroup;
			children = (
				4FCEA5C22C0A861100BF3189 /* fetch_ios.app */,
				4FCEA5D22C0A861300BF3189 /* fetch_iosTests.xctest */,
				4FCEA5DC2C0A861300BF3189 /* fetch_iosUITests.xctest */,
			);
			name = Products;
			sourceTree = "<group>";
		};
		4FCEA5C42C0A861100BF3189 /* fetch_ios */ = {
			isa = PBXGroup;
			children = (
				4FCEA5C52C0A861100BF3189 /* fetch_iosApp.swift */,
				4FCEA5C72C0A861100BF3189 /* ContentView.swift */,
				4FCEA5EF2C0A879E00BF3189 /* RecipeService.swift */,
				4FCEA5C92C0A861300BF3189 /* Assets.xcassets */,
				4FCEA5CB2C0A861300BF3189 /* Preview Content */,
			);
			path = fetch_ios;
			sourceTree = "<group>";
		};
		4FCEA5CB2C0A861300BF3189 /* Preview Content */ = {
			isa = PBXGroup;
			children = (
				4FCEA5CC2C0A861300BF3189 /* Preview Assets.xcassets */,
			);
			path = "Preview Content";
			sourceTree = "<group>";
		};
		4FCEA5D52C0A861300BF3189 /* fetch_iosTests */ = {
			isa = PBXGroup;
			children = (
				4FCEA5D62C0A861300BF3189 /* fetch_iosTests.swift */,
			);
			path = fetch_iosTests;
			sourceTree = "<group>";
		};
		4FCEA5DF2C0A861300BF3189 /* fetch_iosUITests */ = {
			isa = PBXGroup;
			children = (
				4FCEA5E02C0A861300BF3189 /* fetch_iosUITests.swift */,
				4FCEA5E22C0A861300BF3189 /* fetch_iosUITestsLaunchTests.swift */,
			);
			path = fetch_iosUITests;
			sourceTree = "<group>";
		};
/* End PBXGroup section */

/* Begin PBXNativeTarget section */
		4FCEA5C12C0A861100BF3189 /* fetch_ios */ = {
			isa = PBXNativeTarget;
			buildConfigurationList = 4FCEA5E62C0A861300BF3189 /* Build configuration list for PBXNativeTarget "fetch_ios" */;
			buildPhases = (
				4FCEA5BE2C0A861100BF3189 /* Sources */,
				4FCEA5BF2C0A861100BF3189 /* Frameworks */,
				4FCEA5C02C0A861100BF3189 /* Resources */,
			);
			buildRules = (
			);
			dependencies = (
			);
			name = fetch_ios;
			productName = fetch_ios;
			productReference = 4FCEA5C22C0A861100BF3189 /* fetch_ios.app */;
			productType = "com.apple.product-type.application";
		};
		4FCEA5D12C0A861300BF3189 /* fetch_iosTests */ = {
			isa = PBXNativeTarget;
			buildConfigurationList = 4FCEA5E92C0A861300BF3189 /* Build configuration list for PBXNativeTarget "fetch_iosTests" */;
			buildPhases = (
				4FCEA5CE2C0A861300BF3189 /* Sources */,
				4FCEA5CF2C0A861300BF3189 /* Frameworks */,
				4FCEA5D02C0A861300BF3189 /* Resources */,
			);
			buildRules = (
			);
			dependencies = (
				4FCEA5D42C0A861300BF3189 /* PBXTargetDependency */,
			);
			name = fetch_iosTests;
			productName = fetch_iosTests;
			productReference = 4FCEA5D22C0A861300BF3189 /* fetch_iosTests.xctest */;
			productType = "com.apple.product-type.bundle.unit-test";
		};
		4FCEA5DB2C0A861300BF3189 /* fetch_iosUITests */ = {
			isa = PBXNativeTarget;
			buildConfigurationList = 4FCEA5EC2C0A861300BF3189 /* Build configuration list for PBXNativeTarget "fetch_iosUITests" */;
			buildPhases = (
				4FCEA5D82C0A861300BF3189 /* Sources */,
				4FCEA5D92C0A861300BF3189 /* Frameworks */,
				4FCEA5DA2C0A861300BF3189 /* Resources */,
			);
			buildRules = (
			);
			dependencies = (
				4FCEA5DE2C0A861300BF3189 /* PBXTargetDependency */,
			);
			name = fetch_iosUITests;
			productName = fetch_iosUITests;
			productReference = 4FCEA5DC2C0A861300BF3189 /* fetch_iosUITests.xctest */;
			productType = "com.apple.product-type.bundle.ui-testing";
		};
/* End PBXNativeTarget section */

/* Begin PBXProject section */
		4FCEA5BA2C0A861100BF3189 /* Project object */ = {
			isa = PBXProject;
			attributes = {
				BuildIndependentTargetsInParallel = 1;
				LastSwiftUpdateCheck = 1540;
				LastUpgradeCheck = 1540;
				TargetAttributes = {
					4FCEA5C12C0A861100BF3189 = {
						CreatedOnToolsVersion = 15.4;
					};
					4FCEA5D12C0A861300BF3189 = {
						CreatedOnToolsVersion = 15.4;
						TestTargetID = 4FCEA5C12C0A861100BF3189;
					};
					4FCEA5DB2C0A861300BF3189 = {
						CreatedOnToolsVersion = 15.4;
						TestTargetID = 4FCEA5C12C0A861100BF3189;
					};
				};
			};
			buildConfigurationList = 4FCEA5BD2C0A861100BF3189 /* Build configuration list for PBXProject "fetch_ios" */;
			compatibilityVersion = "Xcode 14.0";
			developmentRegion = en;
			hasScannedForEncodings = 0;
			knownRegions = (
				en,
				Base,
			);
			mainGroup = 4FCEA5B92C0A861100BF3189;
			productRefGroup = 4FCEA5C32C0A861100BF3189 /* Products */;
			projectDirPath = "";
			projectRoot = "";
			targets = (
				4FCEA5C12C0A861100BF3189 /* fetch_ios */,
				4FCEA5D12C0A861300BF3189 /* fetch_iosTests */,
				4FCEA5DB2C0A861300BF3189 /* fetch_iosUITests */,
			);
		};
/* End PBXProject section */

/* Begin PBXResourcesBuildPhase section */
		4FCEA5C02C0A861100BF3189 /* Resources */ = {
			isa = PBXResourcesBuildPhase;
			buildActionMask = 2147483647;
			files = (
				4FCEA5CD2C0A861300BF3189 /* Preview Assets.xcassets in Resources */,
				4FCEA5CA2C0A861300BF3189 /* Assets.xcassets in Resources */,
			);
			runOnlyForDeploymentPostprocessing = 0;
		};
		4FCEA5D02C0A861300BF3189 /* Resources */ = {
			isa = PBXResourcesBuildPhase;
			buildActionMask = 2147483647;
			files = (
			);
			runOnlyForDeploymentPostprocessing = 0;
		};
		4FCEA5DA2C0A861300BF3189 /* Resources */ = {
			isa = PBXResourcesBuildPhase;
			buildActionMask = 2147483647;
			files = (
			);
			runOnlyForDeploymentPostprocessing = 0;
		};
/* End PBXResourcesBuildPhase section */

/* Begin PBXSourcesBuildPhase section */
		4FCEA5BE2C0A861100BF3189 /* Sources */ = {
			isa = PBXSourcesBuildPhase;
			buildActionMask = 2147483647;
			files = (
				4FCEA5C82C0A861100BF3189 /* ContentView.swift in Sources */,
				4FCEA5F02C0A879F00BF3189 /* RecipeService.swift in Sources */,
				4FCEA5C62C0A861100BF3189 /* fetch_iosApp.swift in Sources */,
			);
			runOnlyForDeploymentPostprocessing = 0;
		};
		4FCEA5CE2C0A861300BF3189 /* Sources */ = {
			isa = PBXSourcesBuildPhase;
			buildActionMask = 2147483647;
			files = (
				4FCEA5D72C0A861300BF3189 /* fetch_iosTests.swift in Sources */,
			);
			runOnlyForDeploymentPostprocessing = 0;
		};
		4FCEA5D82C0A861300BF3189 /* Sources */ = {
			isa = PBXSourcesBuildPhase;
			buildActionMask = 2147483647;
			files = (
				4FCEA5E12C0A861300BF3189 /* fetch_iosUITests.swift in Sources */,
				4FCEA5E32C0A861300BF3189 /* fetch_iosUITestsLaunchTests.swift in Sources */,
			);
			runOnlyForDeploymentPostprocessing = 0;
		};
/* End PBXSourcesBuildPhase section */

/* Begin PBXTargetDependency section */
		4FCEA5D42C0A861300BF3189 /* PBXTargetDependency */ = {
			isa = PBXTargetDependency;
			target = 4FCEA5C12C0A861100BF3189 /* fetch_ios */;
			targetProxy = 4FCEA5D32C0A861300BF3189 /* PBXContainerItemProxy */;
		};
		4FCEA5DE2C0A861300BF3189 /* PBXTargetDependency */ = {
			isa = PBXTargetDependency;
			target = 4FCEA5C12C0A861100BF3189 /* fetch_ios */;
			targetProxy = 4FCEA5DD2C0A861300BF3189 /* PBXContainerItemProxy */;
		};
/* End PBXTargetDependency section */

/* Begin XCBuildConfiguration section */
		4FCEA5E42C0A861300BF3189 /* Debug */ = {
			isa = XCBuildConfiguration;
			buildSettings = {
				ALWAYS_SEARCH_USER_PATHS = NO;
				ASSETCATALOG_COMPILER_GENERATE_SWIFT_ASSET_SYMBOL_EXTENSIONS = YES;
				CLANG_ANALYZER_NONNULL = YES;
				CLANG_ANALYZER_NUMBER_OBJECT_CONVERSION = YES_AGGRESSIVE;
				CLANG_CXX_LANGUAGE_STANDARD = "gnu++20";
				CLANG_ENABLE_MODULES = YES;
				CLANG_ENABLE_OBJC_ARC = YES;
				CLANG_ENABLE_OBJC_WEAK = YES;
				CLANG_WARN_BLOCK_CAPTURE_AUTORELEASING = YES;
				CLANG_WARN_BOOL_CONVERSION = YES;
				CLANG_WARN_COMMA = YES;
				CLANG_WARN_CONSTANT_CONVERSION = YES;
				CLANG_WARN_DEPRECATED_OBJC_IMPLEMENTATIONS = YES;
				CLANG_WARN_DIRECT_OBJC_ISA_USAGE = YES_ERROR;
				CLANG_WARN_DOCUMENTATION_COMMENTS = YES;
				CLANG_WARN_EMPTY_BODY = YES;
				CLANG_WARN_ENUM_CONVERSION = YES;
				CLANG_WARN_INFINITE_RECURSION = YES;
				CLANG_WARN_INT_CONVERSION = YES;
				CLANG_WARN_NON_LITERAL_NULL_CONVERSION = YES;
				CLANG_WARN_OBJC_IMPLICIT_RETAIN_SELF = YES;
				CLANG_WARN_OBJC_LITERAL_CONVERSION = YES;
				CLANG_WARN_OBJC_ROOT_CLASS = YES_ERROR;
				CLANG_WARN_QUOTED_INCLUDE_IN_FRAMEWORK_HEADER = YES;
				CLANG_WARN_RANGE_LOOP_ANALYSIS = YES;
				CLANG_WARN_STRICT_PROTOTYPES = YES;
				CLANG_WARN_SUSPICIOUS_MOVE = YES;
				CLANG_WARN_UNGUARDED_AVAILABILITY = YES_AGGRESSIVE;
				CLANG_WARN_UNREACHABLE_CODE = YES;
				CLANG_WARN__DUPLICATE_METHOD_MATCH = YES;
				COPY_PHASE_STRIP = NO;
				DEBUG_INFORMATION_FORMAT = dwarf;
				ENABLE_STRICT_OBJC_MSGSEND = YES;
				ENABLE_TESTABILITY = YES;
				ENABLE_USER_SCRIPT_SANDBOXING = YES;
				GCC_C_LANGUAGE_STANDARD = gnu17;
				GCC_DYNAMIC_NO_PIC = NO;
				GCC_NO_COMMON_BLOCKS = YES;
				GCC_OPTIMIZATION_LEVEL = 0;
				GCC_PREPROCESSOR_DEFINITIONS = (
					"DEBUG=1",
					"$(inherited)",
				);
				GCC_WARN_64_TO_32_BIT_CONVERSION = YES;
				GCC_WARN_ABOUT_RETURN_TYPE = YES_ERROR;
				GCC_WARN_UNDECLARED_SELECTOR = YES;
				GCC_WARN_UNINITIALIZED_AUTOS = YES_AGGRESSIVE;
				GCC_WARN_UNUSED_FUNCTION = YES;
				GCC_WARN_UNUSED_VARIABLE = YES;
				IPHONEOS_DEPLOYMENT_TARGET = 17.5;
				LOCALIZATION_PREFERS_STRING_CATALOGS = YES;
				MTL_ENABLE_DEBUG_INFO = INCLUDE_SOURCE;
				MTL_FAST_MATH = YES;
				ONLY_ACTIVE_ARCH = YES;
				SDKROOT = iphoneos;
				SWIFT_ACTIVE_COMPILATION_CONDITIONS = "DEBUG $(inherited)";
				SWIFT_OPTIMIZATION_LEVEL = "-Onone";
			};
			name = Debug;
		};
		4FCEA5E52C0A861300BF3189 /* Release */ = {
			isa = XCBuildConfiguration;
			buildSettings = {
				ALWAYS_SEARCH_USER_PATHS = NO;
				ASSETCATALOG_COMPILER_GENERATE_SWIFT_ASSET_SYMBOL_EXTENSIONS = YES;
				CLANG_ANALYZER_NONNULL = YES;
				CLANG_ANALYZER_NUMBER_OBJECT_CONVERSION = YES_AGGRESSIVE;
				CLANG_CXX_LANGUAGE_STANDARD = "gnu++20";
				CLANG_ENABLE_MODULES = YES;
				CLANG_ENABLE_OBJC_ARC = YES;
				CLANG_ENABLE_OBJC_WEAK = YES;
				CLANG_WARN_BLOCK_CAPTURE_AUTORELEASING = YES;
				CLANG_WARN_BOOL_CONVERSION = YES;
				CLANG_WARN_COMMA = YES;
				CLANG_WARN_CONSTANT_CONVERSION = YES;
				CLANG_WARN_DEPRECATED_OBJC_IMPLEMENTATIONS = YES;
				CLANG_WARN_DIRECT_OBJC_ISA_USAGE = YES_ERROR;
				CLANG_WARN_DOCUMENTATION_COMMENTS = YES;
				CLANG_WARN_EMPTY_BODY = YES;
				CLANG_WARN_ENUM_CONVERSION = YES;
				CLANG_WARN_INFINITE_RECURSION = YES;
				CLANG_WARN_INT_CONVERSION = YES;
				CLANG_WARN_NON_LITERAL_NULL_CONVERSION = YES;
				CLANG_WARN_OBJC_IMPLICIT_RETAIN_SELF = YES;
				CLANG_WARN_OBJC_LITERAL_CONVERSION = YES;
				CLANG_WARN_OBJC_ROOT_CLASS = YES_ERROR;
				CLANG_WARN_QUOTED_INCLUDE_IN_FRAMEWORK_HEADER = YES;
				CLANG_WARN_RANGE_LOOP_ANALYSIS = YES;
				CLANG_WARN_STRICT_PROTOTYPES = YES;
				CLANG_WARN_SUSPICIOUS_MOVE = YES;
				CLANG_WARN_UNGUARDED_AVAILABILITY = YES_AGGRESSIVE;
				CLANG_WARN_UNREACHABLE_CODE = YES;
				CLANG_WARN__DUPLICATE_METHOD_MATCH = YES;
				COPY_PHASE_STRIP = NO;
				DEBUG_INFORMATION_FORMAT = "dwarf-with-dsym";
				ENABLE_NS_ASSERTIONS = NO;
				ENABLE_STRICT_OBJC_MSGSEND = YES;
				ENABLE_USER_SCRIPT_SANDBOXING = YES;
				GCC_C_LANGUAGE_STANDARD = gnu17;
				GCC_NO_COMMON_BLOCKS = YES;
				GCC_WARN_64_TO_32_BIT_CONVERSION = YES;
				GCC_WARN_ABOUT_RETURN_TYPE = YES_ERROR;
				GCC_WARN_UNDECLARED_SELECTOR = YES;
				GCC_WARN_UNINITIALIZED_AUTOS = YES_AGGRESSIVE;
				GCC_WARN_UNUSED_FUNCTION = YES;
				GCC_WARN_UNUSED_VARIABLE = YES;
				IPHONEOS_DEPLOYMENT_TARGET = 17.5;
				LOCALIZATION_PREFERS_STRING_CATALOGS = YES;
				MTL_ENABLE_DEBUG_INFO = NO;
				MTL_FAST_MATH = YES;
				SDKROOT = iphoneos;
				SWIFT_COMPILATION_MODE = wholemodule;
				VALIDATE_PRODUCT = YES;
			};
			name = Release;
		};
		4FCEA5E72C0A861300BF3189 /* Debug */ = {
			isa = XCBuildConfiguration;
			buildSettings = {
				ASSETCATALOG_COMPILER_APPICON_NAME = AppIcon;
				ASSETCATALOG_COMPILER_GLOBAL_ACCENT_COLOR_NAME = AccentColor;
				CODE_SIGN_STYLE = Automatic;
				CURRENT_PROJECT_VERSION = 1;
				DEVELOPMENT_ASSET_PATHS = "\"fetch_ios/Preview Content\"";
				ENABLE_PREVIEWS = YES;
				GENERATE_INFOPLIST_FILE = YES;
				INFOPLIST_KEY_UIApplicationSceneManifest_Generation = YES;
				INFOPLIST_KEY_UIApplicationSupportsIndirectInputEvents = YES;
				INFOPLIST_KEY_UILaunchScreen_Generation = YES;
				INFOPLIST_KEY_UISupportedInterfaceOrientations_iPad = "UIInterfaceOrientationPortrait UIInterfaceOrientationPortraitUpsideDown UIInterfaceOrientationLandscapeLeft UIInterfaceOrientationLandscapeRight";
				INFOPLIST_KEY_UISupportedInterfaceOrientations_iPhone = "UIInterfaceOrientationPortrait UIInterfaceOrientationLandscapeLeft UIInterfaceOrientationLandscapeRight";
				LD_RUNPATH_SEARCH_PATHS = (
					"$(inherited)",
					"@executable_path/Frameworks",
				);
				MARKETING_VERSION = 1.0;
				PRODUCT_BUNDLE_IDENTIFIER = "com.dannyyin.fetch-ios.fetch-ios";
				PRODUCT_NAME = "$(TARGET_NAME)";
				SWIFT_EMIT_LOC_STRINGS = YES;
				SWIFT_VERSION = 5.0;
				TARGETED_DEVICE_FAMILY = "1,2";
			};
			name = Debug;
		};
		4FCEA5E82C0A861300BF3189 /* Release */ = {
			isa = XCBuildConfiguration;
			buildSettings = {
				ASSETCATALOG_COMPILER_APPICON_NAME = AppIcon;
				ASSETCATALOG_COMPILER_GLOBAL_ACCENT_COLOR_NAME = AccentColor;
				CODE_SIGN_STYLE = Automatic;
				CURRENT_PROJECT_VERSION = 1;
				DEVELOPMENT_ASSET_PATHS = "\"fetch_ios/Preview Content\"";
				ENABLE_PREVIEWS = YES;
				GENERATE_INFOPLIST_FILE = YES;
				INFOPLIST_KEY_UIApplicationSceneManifest_Generation = YES;
				INFOPLIST_KEY_UIApplicationSupportsIndirectInputEvents = YES;
				INFOPLIST_KEY_UILaunchScreen_Generation = YES;
				INFOPLIST_KEY_UISupportedInterfaceOrientations_iPad = "UIInterfaceOrientationPortrait UIInterfaceOrientationPortraitUpsideDown UIInterfaceOrientationLandscapeLeft UIInterfaceOrientationLandscapeRight";
				INFOPLIST_KEY_UISupportedInterfaceOrientations_iPhone = "UIInterfaceOrientationPortrait UIInterfaceOrientationLandscapeLeft UIInterfaceOrientationLandscapeRight";
				LD_RUNPATH_SEARCH_PATHS = (
					"$(inherited)",
					"@executable_path/Frameworks",
				);
				MARKETING_VERSION = 1.0;
				PRODUCT_BUNDLE_IDENTIFIER = "com.dannyyin.fetch-ios.fetch-ios";
				PRODUCT_NAME = "$(TARGET_NAME)";
				SWIFT_EMIT_LOC_STRINGS = YES;
				SWIFT_VERSION = 5.0;
				TARGETED_DEVICE_FAMILY = "1,2";
			};
			name = Release;
		};
		4FCEA5EA2C0A861300BF3189 /* Debug */ = {
			isa = XCBuildConfiguration;
			buildSettings = {
				ALWAYS_EMBED_SWIFT_STANDARD_LIBRARIES = YES;
				BUNDLE_LOADER = "$(TEST_HOST)";
				CODE_SIGN_STYLE = Automatic;
				CURRENT_PROJECT_VERSION = 1;
				GENERATE_INFOPLIST_FILE = YES;
				IPHONEOS_DEPLOYMENT_TARGET = 17.5;
				MARKETING_VERSION = 1.0;
				PRODUCT_BUNDLE_IDENTIFIER = "com.dannyyin.fetch-ios.fetch-iosTests";
				PRODUCT_NAME = "$(TARGET_NAME)";
				SWIFT_EMIT_LOC_STRINGS = NO;
				SWIFT_VERSION = 5.0;
				TARGETED_DEVICE_FAMILY = "1,2";
				TEST_HOST = "$(BUILT_PRODUCTS_DIR)/fetch_ios.app/$(BUNDLE_EXECUTABLE_FOLDER_PATH)/fetch_ios";
			};
			name = Debug;
		};
		4FCEA5EB2C0A861300BF3189 /* Release */ = {
			isa = XCBuildConfiguration;
			buildSettings = {
				ALWAYS_EMBED_SWIFT_STANDARD_LIBRARIES = YES;
				BUNDLE_LOADER = "$(TEST_HOST)";
				CODE_SIGN_STYLE = Automatic;
				CURRENT_PROJECT_VERSION = 1;
				GENERATE_INFOPLIST_FILE = YES;
				IPHONEOS_DEPLOYMENT_TARGET = 17.5;
				MARKETING_VERSION = 1.0;
				PRODUCT_BUNDLE_IDENTIFIER = "com.dannyyin.fetch-ios.fetch-iosTests";
				PRODUCT_NAME = "$(TARGET_NAME)";
				SWIFT_EMIT_LOC_STRINGS = NO;
				SWIFT_VERSION = 5.0;
				TARGETED_DEVICE_FAMILY = "1,2";
				TEST_HOST = "$(BUILT_PRODUCTS_DIR)/fetch_ios.app/$(BUNDLE_EXECUTABLE_FOLDER_PATH)/fetch_ios";
			};
			name = Release;
		};
		4FCEA5ED2C0A861300BF3189 /* Debug */ = {
			isa = XCBuildConfiguration;
			buildSettings = {
				ALWAYS_EMBED_SWIFT_STANDARD_LIBRARIES = YES;
				CODE_SIGN_STYLE = Automatic;
				CURRENT_PROJECT_VERSION = 1;
				GENERATE_INFOPLIST_FILE = YES;
				MARKETING_VERSION = 1.0;
				PRODUCT_BUNDLE_IDENTIFIER = "com.dannyyin.fetch-ios.fetch-iosUITests";
				PRODUCT_NAME = "$(TARGET_NAME)";
				SWIFT_EMIT_LOC_STRINGS = NO;
				SWIFT_VERSION = 5.0;
				TARGETED_DEVICE_FAMILY = "1,2";
				TEST_TARGET_NAME = fetch_ios;
			};
			name = Debug;
		};
		4FCEA5EE2C0A861300BF3189 /* Release */ = {
			isa = XCBuildConfiguration;
			buildSettings = {
				ALWAYS_EMBED_SWIFT_STANDARD_LIBRARIES = YES;
				CODE_SIGN_STYLE = Automatic;
				CURRENT_PROJECT_VERSION = 1;
				GENERATE_INFOPLIST_FILE = YES;
				MARKETING_VERSION = 1.0;
				PRODUCT_BUNDLE_IDENTIFIER = "com.dannyyin.fetch-ios.fetch-iosUITests";
				PRODUCT_NAME = "$(TARGET_NAME)";
				SWIFT_EMIT_LOC_STRINGS = NO;
				SWIFT_VERSION = 5.0;
				TARGETED_DEVICE_FAMILY = "1,2";
				TEST_TARGET_NAME = fetch_ios;
			};
			name = Release;
		};
/* End XCBuildConfiguration section */

/* Begin XCConfigurationList section */
		4FCEA5BD2C0A861100BF3189 /* Build configuration list for PBXProject "fetch_ios" */ = {
			isa = XCConfigurationList;
			buildConfigurations = (
				4FCEA5E42C0A861300BF3189 /* Debug */,
				4FCEA5E52C0A861300BF3189 /* Release */,
			);
			defaultConfigurationIsVisible = 0;
			defaultConfigurationName = Release;
		};
		4FCEA5E62C0A861300BF3189 /* Build configuration list for PBXNativeTarget "fetch_ios" */ = {
			isa = XCConfigurationList;
			buildConfigurations = (
				4FCEA5E72C0A861300BF3189 /* Debug */,
				4FCEA5E82C0A861300BF3189 /* Release */,
			);
			defaultConfigurationIsVisible = 0;
			defaultConfigurationName = Release;
		};
		4FCEA5E92C0A861300BF3189 /* Build configuration list for PBXNativeTarget "fetch_iosTests" */ = {
			isa = XCConfigurationList;
			buildConfigurations = (
				4FCEA5EA2C0A861300BF3189 /* Debug */,
				4FCEA5EB2C0A861300BF3189 /* Release */,
			);
			defaultConfigurationIsVisible = 0;
			defaultConfigurationName = Release;
		};
		4FCEA5EC2C0A861300BF3189 /* Build configuration list for PBXNativeTarget "fetch_iosUITests" */ = {
			isa = XCConfigurationList;
			buildConfigurations = (
				4FCEA5ED2C0A861300BF3189 /* Debug */,
				4FCEA5EE2C0A861300BF3189 /* Release */,
			);
			defaultConfigurationIsVisible = 0;
			defaultConfigurationName = Release;
		};
/* End XCConfigurationList section */
	};
	rootObject = 4FCEA5BA2C0A861100BF3189 /* Project object */;
}
